
Microsoft Visual Studio Solution File, Format Version 12.00
# Visual Studio Version 16
VisualStudioVersion = 16.0.31424.327
MinimumVisualStudioVersion = 10.0.40219.1
Project("{9A19103F-16F7-4668-BE54-9A1E7A4F7556}") = "EmployeeDetails.API", "EmployeeDetails.API\EmployeeDetails.API.csproj", "{D5448F03-41F0-41D1-8622-555DCCD6B590}"
EndProject
Global
	GlobalSection(SolutionConfigurationPlatforms) = preSolution
		Debug|Any CPU = Debug|Any CPU
		Release|Any CPU = Release|Any CPU
	EndGlobalSection
	GlobalSection(ProjectConfigurationPlatforms) = postSolution
		{D5448F03-41F0-41D1-8622-555DCCD6B590}.Debug|Any CPU.ActiveCfg = Debug|Any CPU
		{D5448F03-41F0-41D1-8622-555DCCD6B590}.Debug|Any CPU.Build.0 = Debug|Any CPU
		{D5448F03-41F0-41D1-8622-555DCCD6B590}.Release|Any CPU.ActiveCfg = Release|Any CPU
		{D5448F03-41F0-41D1-8622-555DCCD6B590}.Release|Any CPU.Build.0 = Release|Any CPU
	EndGlobalSection
	GlobalSection(SolutionProperties) = preSolution
		HideSolutionNode = FALSE
	EndGlobalSection
	GlobalSection(ExtensibilityGlobals) = postSolution
		SolutionGuid = {6C5FA550-422E-4902-851A-61DD26FD974F}
	EndGlobalSection
EndGlobal
